
Microsoft Visual Studio Solution File, Format Version 12.00
# Visual Studio Version 16
VisualStudioVersion = 16.0.30611.23
MinimumVisualStudioVersion = 10.0.40219.1
Project("{FAE04EC0-301F-11D3-BF4B-00C04F79EFBC}") = "ObserverPattern", "ObserverPattern\ObserverPattern.csproj", "{6157280B-B62A-4C06-80D6-43F7AD7E86F5}"
EndProject
Global
	GlobalSection(SolutionConfigurationPlatforms) = preSolution
		Debug|Any CPU = Debug|Any CPU
		Release|Any CPU = Release|Any CPU
	EndGlobalSection
	GlobalSection(ProjectConfigurationPlatforms) = postSolution
		{6157280B-B62A-4C06-80D6-43F7AD7E86F5}.Debug|Any CPU.ActiveCfg = Debug|Any CPU
		{6157280B-B62A-4C06-80D6-43F7AD7E86F5}.Debug|Any CPU.Build.0 = Debug|Any CPU
		{6157280B-B62A-4C06-80D6-43F7AD7E86F5}.Release|Any CPU.ActiveCfg = Release|Any CPU
		{6157280B-B62A-4C06-80D6-43F7AD7E86F5}.Release|Any CPU.Build.0 = Release|Any CPU
	EndGlobalSection
	GlobalSection(SolutionProperties) = preSolution
		HideSolutionNode = FALSE
	EndGlobalSection
	GlobalSection(ExtensibilityGlobals) = postSolution
		SolutionGuid = {FDEA8570-2696-41D4-8BBA-9D908046037F}
	EndGlobalSection
EndGlobal
